
Microsoft Visual Studio Solution File, Format Version 12.00
# Visual Studio Version 16
VisualStudioVersion = 16.0.31424.327
MinimumVisualStudioVersion = 10.0.40219.1
Project("{9A19103F-16F7-4668-BE54-9A1E7A4F7556}") = "BlazorSurvey", "BlazorSurvey\BlazorSurvey.csproj", "{7D172768-21CC-4EA1-8B7A-BC544864A8BC}"
EndProject
Project("{9A19103F-16F7-4668-BE54-9A1E7A4F7556}") = "SurveyAccessor", "SurveyAccessor\SurveyAccessor.csproj", "{ABDACA06-04C0-4A32-888C-3048F7A2AF53}"
EndProject
Project("{9A19103F-16F7-4668-BE54-9A1E7A4F7556}") = "SurveyManager", "SurveyManager\SurveyManager.csproj", "{D6826AE1-D89C-4EC5-A793-BE1FF4C46433}"
EndProject
Global
	GlobalSection(SolutionConfigurationPlatforms) = preSolution
		Debug|Any CPU = Debug|Any CPU
		Release|Any CPU = Release|Any CPU
	EndGlobalSection
	GlobalSection(ProjectConfigurationPlatforms) = postSolution
		{7D172768-21CC-4EA1-8B7A-BC544864A8BC}.Debug|Any CPU.ActiveCfg = Debug|Any CPU
		{7D172768-21CC-4EA1-8B7A-BC544864A8BC}.Debug|Any CPU.Build.0 = Debug|Any CPU
		{7D172768-21CC-4EA1-8B7A-BC544864A8BC}.Release|Any CPU.ActiveCfg = Release|Any CPU
		{7D172768-21CC-4EA1-8B7A-BC544864A8BC}.Release|Any CPU.Build.0 = Release|Any CPU
		{ABDACA06-04C0-4A32-888C-3048F7A2AF53}.Debug|Any CPU.ActiveCfg = Debug|Any CPU
		{ABDACA06-04C0-4A32-888C-3048F7A2AF53}.Debug|Any CPU.Build.0 = Debug|Any CPU
		{ABDACA06-04C0-4A32-888C-3048F7A2AF53}.Release|Any CPU.ActiveCfg = Release|Any CPU
		{ABDACA06-04C0-4A32-888C-3048F7A2AF53}.Release|Any CPU.Build.0 = Release|Any CPU
		{D6826AE1-D89C-4EC5-A793-BE1FF4C46433}.Debug|Any CPU.ActiveCfg = Debug|Any CPU
		{D6826AE1-D89C-4EC5-A793-BE1FF4C46433}.Debug|Any CPU.Build.0 = Debug|Any CPU
		{D6826AE1-D89C-4EC5-A793-BE1FF4C46433}.Release|Any CPU.ActiveCfg = Release|Any CPU
		{D6826AE1-D89C-4EC5-A793-BE1FF4C46433}.Release|Any CPU.Build.0 = Release|Any CPU
	EndGlobalSection
	GlobalSection(SolutionProperties) = preSolution
		HideSolutionNode = FALSE
	EndGlobalSection
	GlobalSection(ExtensibilityGlobals) = postSolution
		SolutionGuid = {58660F40-F54D-491B-BB2D-8631393A1DF1}
	EndGlobalSection
EndGlobal
